
Microsoft Visual Studio Solution File, Format Version 12.00
# Visual Studio Version 16
VisualStudioVersion = 16.0.30413.136
MinimumVisualStudioVersion = 10.0.40219.1
Project("{FAE04EC0-301F-11D3-BF4B-00C04F79EFBC}") = "practicandoGithup", "practicandoGithup\practicandoGithup.csproj", "{9B07EE98-21A0-4A02-84D0-E8F1A193F83D}"
EndProject
Global
	GlobalSection(SolutionConfigurationPlatforms) = preSolution
		Debug|Any CPU = Debug|Any CPU
		Release|Any CPU = Release|Any CPU
	EndGlobalSection
	GlobalSection(ProjectConfigurationPlatforms) = postSolution
		{9B07EE98-21A0-4A02-84D0-E8F1A193F83D}.Debug|Any CPU.ActiveCfg = Debug|Any CPU
		{9B07EE98-21A0-4A02-84D0-E8F1A193F83D}.Debug|Any CPU.Build.0 = Debug|Any CPU
		{9B07EE98-21A0-4A02-84D0-E8F1A193F83D}.Release|Any CPU.ActiveCfg = Release|Any CPU
		{9B07EE98-21A0-4A02-84D0-E8F1A193F83D}.Release|Any CPU.Build.0 = Release|Any CPU
	EndGlobalSection
	GlobalSection(SolutionProperties) = preSolution
		HideSolutionNode = FALSE
	EndGlobalSection
	GlobalSection(ExtensibilityGlobals) = postSolution
		SolutionGuid = {E8087378-47A3-4545-9AB8-C4C642F8CA12}
	EndGlobalSection
EndGlobal
